
Microsoft Visual Studio Solution File, Format Version 12.00
# Visual Studio Version 16
VisualStudioVersion = 16.0.29230.47
MinimumVisualStudioVersion = 10.0.40219.1
Project("{FAE04EC0-301F-11D3-BF4B-00C04F79EFBC}") = "Animals", "Animals\Animals.csproj", "{0212A38B-5CB0-4172-8F19-AA87884239CF}"
EndProject
Global
	GlobalSection(SolutionConfigurationPlatforms) = preSolution
		Debug|Any CPU = Debug|Any CPU
		Release|Any CPU = Release|Any CPU
	EndGlobalSection
	GlobalSection(ProjectConfigurationPlatforms) = postSolution
		{0212A38B-5CB0-4172-8F19-AA87884239CF}.Debug|Any CPU.ActiveCfg = Debug|Any CPU
		{0212A38B-5CB0-4172-8F19-AA87884239CF}.Debug|Any CPU.Build.0 = Debug|Any CPU
		{0212A38B-5CB0-4172-8F19-AA87884239CF}.Release|Any CPU.ActiveCfg = Release|Any CPU
		{0212A38B-5CB0-4172-8F19-AA87884239CF}.Release|Any CPU.Build.0 = Release|Any CPU
	EndGlobalSection
	GlobalSection(SolutionProperties) = preSolution
		HideSolutionNode = FALSE
	EndGlobalSection
	GlobalSection(ExtensibilityGlobals) = postSolution
		SolutionGuid = {1D82BFBF-8B52-4FF4-BBD5-D888A65D9F88}
	EndGlobalSection
EndGlobal
